// !$*UTF8*$!
{
	archiveVersion = 1;
	classes = {
	};
	objectVersion = 50;
	objects = {

/* Begin PBXBuildFile section */
		F02218C323595BA90097F5BB /* AppDelegate.swift in Sources */ = {isa = PBXBuildFile; fileRef = F02218C223595BA90097F5BB /* AppDelegate.swift */; };
		F02218C523595BA90097F5BB /* SceneDelegate.swift in Sources */ = {isa = PBXBuildFile; fileRef = F02218C423595BA90097F5BB /* SceneDelegate.swift */; };
		F02218C723595BAA0097F5BB /* ContentView.swift in Sources */ = {isa = PBXBuildFile; fileRef = F02218C623595BAA0097F5BB /* ContentView.swift */; };
		F02218C923595BAD0097F5BB /* Assets.xcassets in Resources */ = {isa = PBXBuildFile; fileRef = F02218C823595BAD0097F5BB /* Assets.xcassets */; };
		F02218CF23595BAD0097F5BB /* LaunchScreen.storyboard in Resources */ = {isa = PBXBuildFile; fileRef = F02218CD23595BAD0097F5BB /* LaunchScreen.storyboard */; };
		F02218D723595DC70097F5BB /* SignupView.swift in Sources */ = {isa = PBXBuildFile; fileRef = F02218D623595DC70097F5BB /* SignupView.swift */; };
		F03597322390AC72008EF87C /* WelcomeView.swift in Sources */ = {isa = PBXBuildFile; fileRef = F03597312390AC72008EF87C /* WelcomeView.swift */; };
		F03597342390BFA3008EF87C /* LoginView.swift in Sources */ = {isa = PBXBuildFile; fileRef = F03597332390BFA3008EF87C /* LoginView.swift */; };
/* End PBXBuildFile section */

/* Begin PBXFileReference section */
		F02218BF23595BA90097F5BB /* GiftApp.app */ = {isa = PBXFileReference; explicitFileType = wrapper.application; includeInIndex = 0; path = GiftApp.app; sourceTree = BUILT_PRODUCTS_DIR; };
		F02218C223595BA90097F5BB /* AppDelegate.swift */ = {isa = PBXFileReference; lastKnownFileType = sourcecode.swift; path = AppDelegate.swift; sourceTree = "<group>"; };
		F02218C423595BA90097F5BB /* SceneDelegate.swift */ = {isa = PBXFileReference; lastKnownFileType = sourcecode.swift; path = SceneDelegate.swift; sourceTree = "<group>"; };
		F02218C623595BAA0097F5BB /* ContentView.swift */ = {isa = PBXFileReference; lastKnownFileType = sourcecode.swift; path = ContentView.swift; sourceTree = "<group>"; };
		F02218C823595BAD0097F5BB /* Assets.xcassets */ = {isa = PBXFileReference; lastKnownFileType = folder.assetcatalog; path = Assets.xcassets; sourceTree = "<group>"; };
		F02218CE23595BAD0097F5BB /* Base */ = {isa = PBXFileReference; lastKnownFileType = file.storyboard; name = Base; path = Base.lproj/LaunchScreen.storyboard; sourceTree = "<group>"; };
		F02218D023595BAD0097F5BB /* Info.plist */ = {isa = PBXFileReference; lastKnownFileType = text.plist.xml; path = Info.plist; sourceTree = "<group>"; };
		F02218D623595DC70097F5BB /* SignupView.swift */ = {isa = PBXFileReference; lastKnownFileType = sourcecode.swift; path = SignupView.swift; sourceTree = "<group>"; };
		F03597312390AC72008EF87C /* WelcomeView.swift */ = {isa = PBXFileReference; lastKnownFileType = sourcecode.swift; path = WelcomeView.swift; sourceTree = "<group>"; };
		F03597332390BFA3008EF87C /* LoginView.swift */ = {isa = PBXFileReference; lastKnownFileType = sourcecode.swift; path = LoginView.swift; sourceTree = "<group>"; };
/* End PBXFileReference section */

/* Begin PBXFrameworksBuildPhase section */
		F02218BC23595BA90097F5BB /* Frameworks */ = {
			isa = PBXFrameworksBuildPhase;
			buildActionMask = 2147483647;
			files = (
			);
			runOnlyForDeploymentPostprocessing = 0;
		};
/* End PBXFrameworksBuildPhase section */

/* Begin PBXGroup section */
		F02218B623595BA90097F5BB = {
			isa = PBXGroup;
			children = (
				F02218C123595BA90097F5BB /* GiftApp */,
				F02218C023595BA90097F5BB /* Products */,
			);
			sourceTree = "<group>";
		};
		F02218C023595BA90097F5BB /* Products */ = {
			isa = PBXGroup;
			children = (
				F02218BF23595BA90097F5BB /* GiftApp.app */,
			);
			name = Products;
			sourceTree = "<group>";
		};
		F02218C123595BA90097F5BB /* GiftApp */ = {
			isa = PBXGroup;
			children = (
				F02218C223595BA90097F5BB /* AppDelegate.swift */,
				F02218C423595BA90097F5BB /* SceneDelegate.swift */,
				F02218C623595BAA0097F5BB /* ContentView.swift */,
				F02218C823595BAD0097F5BB /* Assets.xcassets */,
				F02218CD23595BAD0097F5BB /* LaunchScreen.storyboard */,
				F02218D023595BAD0097F5BB /* Info.plist */,
				F02218D623595DC70097F5BB /* SignupView.swift */,
				F03597312390AC72008EF87C /* WelcomeView.swift */,
				F03597332390BFA3008EF87C /* LoginView.swift */,
			);
			path = GiftApp;
			sourceTree = "<group>";
		};
/* End PBXGroup section */

/* Begin PBXNativeTarget section */
		F02218BE23595BA90097F5BB /* GiftApp */ = {
			isa = PBXNativeTarget;
			buildConfigurationList = F02218D323595BAD0097F5BB /* Build configuration list for PBXNativeTarget "GiftApp" */;
			buildPhases = (
				F02218BB23595BA90097F5BB /* Sources */,
				F02218BC23595BA90097F5BB /* Frameworks */,
				F02218BD23595BA90097F5BB /* Resources */,
			);
			buildRules = (
			);
			dependencies = (
			);
			name = GiftApp;
			productName = GiftApp;
			productReference = F02218BF23595BA90097F5BB /* GiftApp.app */;
			productType = "com.apple.product-type.application";
		};
/* End PBXNativeTarget section */

/* Begin PBXProject section */
		F02218B723595BA90097F5BB /* Project object */ = {
			isa = PBXProject;
			attributes = {
				LastSwiftUpdateCheck = 1110;
				LastUpgradeCheck = 1110;
				ORGANIZATIONNAME = Molson;
				TargetAttributes = {
					F02218BE23595BA90097F5BB = {
						CreatedOnToolsVersion = 11.1;
						LastSwiftMigration = 1110;
					};
				};
			};
			buildConfigurationList = F02218BA23595BA90097F5BB /* Build configuration list for PBXProject "GiftApp" */;
			compatibilityVersion = "Xcode 9.3";
			developmentRegion = en;
			hasScannedForEncodings = 0;
			knownRegions = (
				en,
				Base,
			);
			mainGroup = F02218B623595BA90097F5BB;
			productRefGroup = F02218C023595BA90097F5BB /* Products */;
			projectDirPath = "";
			projectRoot = "";
			targets = (
				F02218BE23595BA90097F5BB /* GiftApp */,
			);
		};
/* End PBXProject section */

/* Begin PBXResourcesBuildPhase section */
		F02218BD23595BA90097F5BB /* Resources */ = {
			isa = PBXResourcesBuildPhase;
			buildActionMask = 2147483647;
			files = (
				F02218CF23595BAD0097F5BB /* LaunchScreen.storyboard in Resources */,
				F02218C923595BAD0097F5BB /* Assets.xcassets in Resources */,
			);
			runOnlyForDeploymentPostprocessing = 0;
		};
/* End PBXResourcesBuildPhase section */

/* Begin PBXSourcesBuildPhase section */
		F02218BB23595BA90097F5BB /* Sources */ = {
			isa = PBXSourcesBuildPhase;
			buildActionMask = 2147483647;
			files = (
				F03597342390BFA3008EF87C /* LoginView.swift in Sources */,
				F03597322390AC72008EF87C /* WelcomeView.swift in Sources */,
				F02218C323595BA90097F5BB /* AppDelegate.swift in Sources */,
				F02218C523595BA90097F5BB /* SceneDelegate.swift in Sources */,
				F02218D723595DC70097F5BB /* SignupView.swift in Sources */,
				F02218C723595BAA0097F5BB /* ContentView.swift in Sources */,
			);
			runOnlyForDeploymentPostprocessing = 0;
		};
/* End PBXSourcesBuildPhase section */

/* Begin PBXVariantGroup section */
		F02218CD23595BAD0097F5BB /* LaunchScreen.storyboard */ = {
			isa = PBXVariantGroup;
			children = (
				F02218CE23595BAD0097F5BB /* Base */,
			);
			name = LaunchScreen.storyboard;
			sourceTree = "<group>";
		};
/* End PBXVariantGroup section */

/* Begin XCBuildConfiguration section */
		F02218D123595BAD0097F5BB /* Debug */ = {
			isa = XCBuildConfiguration;
			buildSettings = {
				ALWAYS_SEARCH_USER_PATHS = NO;
				CLANG_ANALYZER_NONNULL = YES;
				CLANG_ANALYZER_NUMBER_OBJECT_CONVERSION = YES_AGGRESSIVE;
				CLANG_CXX_LANGUAGE_STANDARD = "gnu++14";
				CLANG_CXX_LIBRARY = "libc++";
				CLANG_ENABLE_MODULES = YES;
				CLANG_ENABLE_OBJC_ARC = YES;
				CLANG_ENABLE_OBJC_WEAK = YES;
				CLANG_WARN_BLOCK_CAPTURE_AUTORELEASING = YES;
				CLANG_WARN_BOOL_CONVERSION = YES;
				CLANG_WARN_COMMA = YES;
				CLANG_WARN_CONSTANT_CONVERSION = YES;
				CLANG_WARN_DEPRECATED_OBJC_IMPLEMENTATIONS = YES;
				CLANG_WARN_DIRECT_OBJC_ISA_USAGE = YES_ERROR;
				CLANG_WARN_DOCUMENTATION_COMMENTS = YES;
				CLANG_WARN_EMPTY_BODY = YES;
				CLANG_WARN_ENUM_CONVERSION = YES;
				CLANG_WARN_INFINITE_RECURSION = YES;
				CLANG_WARN_INT_CONVERSION = YES;
				CLANG_WARN_NON_LITERAL_NULL_CONVERSION = YES;
				CLANG_WARN_OBJC_IMPLICIT_RETAIN_SELF = YES;
				CLANG_WARN_OBJC_LITERAL_CONVERSION = YES;
				CLANG_WARN_OBJC_ROOT_CLASS = YES_ERROR;
				CLANG_WARN_RANGE_LOOP_ANALYSIS = YES;
				CLANG_WARN_STRICT_PROTOTYPES = YES;
				CLANG_WARN_SUSPICIOUS_MOVE = YES;
				CLANG_WARN_UNGUARDED_AVAILABILITY = YES_AGGRESSIVE;
				CLANG_WARN_UNREACHABLE_CODE = YES;
				CLANG_WARN__DUPLICATE_METHOD_MATCH = YES;
				COPY_PHASE_STRIP = NO;
				DEBUG_INFORMATION_FORMAT = dwarf;
				ENABLE_STRICT_OBJC_MSGSEND = YES;
				ENABLE_TESTABILITY = YES;
				GCC_C_LANGUAGE_STANDARD = gnu11;
				GCC_DYNAMIC_NO_PIC = NO;
				GCC_NO_COMMON_BLOCKS = YES;
				GCC_OPTIMIZATION_LEVEL = 0;
				GCC_PREPROCESSOR_DEFINITIONS = (
					"DEBUG=1",
					"$(inherited)",
				);
				GCC_WARN_64_TO_32_BIT_CONVERSION = YES;
				GCC_WARN_ABOUT_RETURN_TYPE = YES_ERROR;
				GCC_WARN_UNDECLARED_SELECTOR = YES;
				GCC_WARN_UNINITIALIZED_AUTOS = YES_AGGRESSIVE;
				GCC_WARN_UNUSED_FUNCTION = YES;
				GCC_WARN_UNUSED_VARIABLE = YES;
				IPHONEOS_DEPLOYMENT_TARGET = 13.1;
				MTL_ENABLE_DEBUG_INFO = INCLUDE_SOURCE;
				MTL_FAST_MATH = YES;
				ONLY_ACTIVE_ARCH = YES;
				SDKROOT = iphoneos;
				SWIFT_ACTIVE_COMPILATION_CONDITIONS = DEBUG;
				SWIFT_OPTIMIZATION_LEVEL = "-Onone";
			};
			name = Debug;
		};
		F02218D223595BAD0097F5BB /* Release */ = {
			isa = XCBuildConfiguration;
			buildSettings = {
				ALWAYS_SEARCH_USER_PATHS = NO;
				CLANG_ANALYZER_NONNULL = YES;
				CLANG_ANALYZER_NUMBER_OBJECT_CONVERSION = YES_AGGRESSIVE;
				CLANG_CXX_LANGUAGE_STANDARD = "gnu++14";
				CLANG_CXX_LIBRARY = "libc++";
				CLANG_ENABLE_MODULES = YES;
				CLANG_ENABLE_OBJC_ARC = YES;
				CLANG_ENABLE_OBJC_WEAK = YES;
				CLANG_WARN_BLOCK_CAPTURE_AUTORELEASING = YES;
				CLANG_WARN_BOOL_CONVERSION = YES;
				CLANG_WARN_COMMA = YES;
				CLANG_WARN_CONSTANT_CONVERSION = YES;
				CLANG_WARN_DEPRECATED_OBJC_IMPLEMENTATIONS = YES;
				CLANG_WARN_DIRECT_OBJC_ISA_USAGE = YES_ERROR;
				CLANG_WARN_DOCUMENTATION_COMMENTS = YES;
				CLANG_WARN_EMPTY_BODY = YES;
				CLANG_WARN_ENUM_CONVERSION = YES;
				CLANG_WARN_INFINITE_RECURSION = YES;
				CLANG_WARN_INT_CONVERSION = YES;
				CLANG_WARN_NON_LITERAL_NULL_CONVERSION = YES;
				CLANG_WARN_OBJC_IMPLICIT_RETAIN_SELF = YES;
				CLANG_WARN_OBJC_LITERAL_CONVERSION = YES;
				CLANG_WARN_OBJC_ROOT_CLASS = YES_ERROR;
				CLANG_WARN_RANGE_LOOP_ANALYSIS = YES;
				CLANG_WARN_STRICT_PROTOTYPES = YES;
				CLANG_WARN_SUSPICIOUS_MOVE = YES;
				CLANG_WARN_UNGUARDED_AVAILABILITY = YES_AGGRESSIVE;
				CLANG_WARN_UNREACHABLE_CODE = YES;
				CLANG_WARN__DUPLICATE_METHOD_MATCH = YES;
				COPY_PHASE_STRIP = NO;
				DEBUG_INFORMATION_FORMAT = "dwarf-with-dsym";
				ENABLE_NS_ASSERTIONS = NO;
				ENABLE_STRICT_OBJC_MSGSEND = YES;
				GCC_C_LANGUAGE_STANDARD = gnu11;
				GCC_NO_COMMON_BLOCKS = YES;
				GCC_WARN_64_TO_32_BIT_CONVERSION = YES;
				GCC_WARN_ABOUT_RETURN_TYPE = YES_ERROR;
				GCC_WARN_UNDECLARED_SELECTOR = YES;
				GCC_WARN_UNINITIALIZED_AUTOS = YES_AGGRESSIVE;
				GCC_WARN_UNUSED_FUNCTION = YES;
				GCC_WARN_UNUSED_VARIABLE = YES;
				IPHONEOS_DEPLOYMENT_TARGET = 13.1;
				MTL_ENABLE_DEBUG_INFO = NO;
				MTL_FAST_MATH = YES;
				SDKROOT = iphoneos;
				SWIFT_COMPILATION_MODE = wholemodule;
				SWIFT_OPTIMIZATION_LEVEL = "-O";
				VALIDATE_PRODUCT = YES;
			};
			name = Release;
		};
		F02218D423595BAD0097F5BB /* Debug */ = {
			isa = XCBuildConfiguration;
			buildSettings = {
				ASSETCATALOG_COMPILER_APPICON_NAME = AppIcon;
				CODE_SIGN_STYLE = Automatic;
				DEVELOPMENT_ASSET_PATHS = "";
				DEVELOPMENT_TEAM = TH5V2K4K28;
				ENABLE_PREVIEWS = YES;
				INFOPLIST_FILE = GiftApp/Info.plist;
				LD_RUNPATH_SEARCH_PATHS = (
					"$(inherited)",
					"@executable_path/Frameworks",
				);
				PRODUCT_BUNDLE_IDENTIFIER = com.Molson.GiftApp;
				PRODUCT_NAME = "$(TARGET_NAME)";
				SWIFT_VERSION = 5.0;
				TARGETED_DEVICE_FAMILY = "1,2";
			};
			name = Debug;
		};
		F02218D523595BAD0097F5BB /* Release */ = {
			isa = XCBuildConfiguration;
			buildSettings = {
				ASSETCATALOG_COMPILER_APPICON_NAME = AppIcon;
				CODE_SIGN_STYLE = Automatic;
				DEVELOPMENT_ASSET_PATHS = "";
				DEVELOPMENT_TEAM = TH5V2K4K28;
				ENABLE_PREVIEWS = YES;
				INFOPLIST_FILE = GiftApp/Info.plist;
				LD_RUNPATH_SEARCH_PATHS = (
					"$(inherited)",
					"@executable_path/Frameworks",
				);
				PRODUCT_BUNDLE_IDENTIFIER = com.Molson.GiftApp;
				PRODUCT_NAME = "$(TARGET_NAME)";
				SWIFT_VERSION = 5.0;
				TARGETED_DEVICE_FAMILY = "1,2";
			};
			name = Release;
		};
/* End XCBuildConfiguration section */

/* Begin XCConfigurationList section */
		F02218BA23595BA90097F5BB /* Build configuration list for PBXProject "GiftApp" */ = {
			isa = XCConfigurationList;
			buildConfigurations = (
				F02218D123595BAD0097F5BB /* Debug */,
				F02218D223595BAD0097F5BB /* Release */,
			);
			defaultConfigurationIsVisible = 0;
			defaultConfigurationName = Release;
		};
		F02218D323595BAD0097F5BB /* Build configuration list for PBXNativeTarget "GiftApp" */ = {
			isa = XCConfigurationList;
			buildConfigurations = (
				F02218D423595BAD0097F5BB /* Debug */,
				F02218D523595BAD0097F5BB /* Release */,
			);
			defaultConfigurationIsVisible = 0;
			defaultConfigurationName = Release;
		};
/* End XCConfigurationList section */
	};
	rootObject = F02218B723595BA90097F5BB /* Project object */;
}
